dependencies:
  espressif/dl_fft:
    component_hash: ced3cf28cc70452b7859c06f4e5059215167254a2047e34c893d6f501ccd6ea2
    dependencies:
    - name: idf
      require: private
      version: '>=5.0'
    source:
      registry_url: https://components.espressif.com/
      type: service
    version: 0.4.0
  espressif/esp-dsp:
    component_hash: 12e44db246517a627bc0fe2b255b8335410c0215c98bfba2df5a8e3edea839ef
    dependencies:
    - name: idf
      require: private
      version: '>=4.2'
    source:
      registry_url: https://components.espressif.com/
      type: service
    version: 1.8.0
  espressif/esp_jpeg:
    component_hash: defb83669293cbf86d0fa86b475ba5517aceed04ed70db435388c151ab37b5d7
    dependencies:
    - name: idf
      require: private
      version: '>=5.0'
    source:
      registry_url: https://components.espressif.com/
      type: service
    version: 1.3.1
  espressif/esp_new_jpeg:
    component_hash: 98823384f51ca298e2c9bebacd1c629148e528ed0902d18b16556df151519e68
    dependencies: []
    source:
      registry_url: https://components.espressif.com/
      type: service
    targets:
    - esp32
    - esp32s2
    - esp32s3
    - esp32s31
    - esp32p4
    - esp32c2
    - esp32c3
    - esp32c5
    - esp32c6
    - esp32c61
    - esp32h4
    version: 1.0.1
  idf:
    source:
      type: idf
    version: 5.5.0
direct_dependencies:
- espressif/dl_fft
- espressif/esp-dsp
- espressif/esp_jpeg
- espressif/esp_new_jpeg
- idf
manifest_hash: f3f6737aaeef1d1d375113e14dedd2eee06c6e9f3ce6915a4f354f3d29ee6254
target: esp32s3
version: 2.0.0
